// !$*UTF8*$!
{
	archiveVersion = 1;
	classes = {
	};
	objectVersion = 55;
	objects = {

/* Begin PBXBuildFile section */
		B824EDEF28F72E870095F462 /* PaletteStore.swift in Sources */ = {isa = PBXBuildFile; fileRef = B824EDEE28F72E870095F462 /* PaletteStore.swift */; };
		B86662A228F86D7F001813DB /* PaletteChooser.swift in Sources */ = {isa = PBXBuildFile; fileRef = B86662A128F86D7F001813DB /* PaletteChooser.swift */; };
		B88D617828F9B35800A4E686 /* PaletteManager.swift in Sources */ = {isa = PBXBuildFile; fileRef = B88D617728F9B35800A4E686 /* PaletteManager.swift */; };
		B8D6B5BB28E4B169002017E5 /* LHEmojiArtApp.swift in Sources */ = {isa = PBXBuildFile; fileRef = B8D6B5BA28E4B169002017E5 /* LHEmojiArtApp.swift */; };
		B8D6B5BD28E4B169002017E5 /* EmojiArtDocumentView.swift in Sources */ = {isa = PBXBuildFile; fileRef = B8D6B5BC28E4B169002017E5 /* EmojiArtDocumentView.swift */; };
		B8D6B5BF28E4B16B002017E5 /* Assets.xcassets in Resources */ = {isa = PBXBuildFile; fileRef = B8D6B5BE28E4B16B002017E5 /* Assets.xcassets */; };
		B8D6B5C228E4B16B002017E5 /* Preview Assets.xcassets in Resources */ = {isa = PBXBuildFile; fileRef = B8D6B5C128E4B16B002017E5 /* Preview Assets.xcassets */; };
		B8D6B5C928E4B25C002017E5 /* EmojiArtModel.swift in Sources */ = {isa = PBXBuildFile; fileRef = B8D6B5C828E4B25C002017E5 /* EmojiArtModel.swift */; };
		B8D6B5CB28E4B7A8002017E5 /* EmojiArtModel.Background.swift in Sources */ = {isa = PBXBuildFile; fileRef = B8D6B5CA28E4B7A8002017E5 /* EmojiArtModel.Background.swift */; };
		B8D6B5CD28E4B9CB002017E5 /* EmojiArtDocument.swift in Sources */ = {isa = PBXBuildFile; fileRef = B8D6B5CC28E4B9CB002017E5 /* EmojiArtDocument.swift */; };
		B8D6B5D028E4BD50002017E5 /* UtilityExtensions.swift in Sources */ = {isa = PBXBuildFile; fileRef = B8D6B5CE28E4BD50002017E5 /* UtilityExtensions.swift */; };
		B8D6B5D128E4BD50002017E5 /* UtilityViews.swift in Sources */ = {isa = PBXBuildFile; fileRef = B8D6B5CF28E4BD50002017E5 /* UtilityViews.swift */; };
		B8D9BED828F88796004078BD /* PaletteEditor.swift in Sources */ = {isa = PBXBuildFile; fileRef = B8D9BED728F88796004078BD /* PaletteEditor.swift */; };
/* End PBXBuildFile section */

/* Begin PBXFileReference section */
		B824EDEE28F72E870095F462 /* PaletteStore.swift */ = {isa = PBXFileReference; lastKnownFileType = sourcecode.swift; path = PaletteStore.swift; sourceTree = "<group>"; };
		B86662A128F86D7F001813DB /* PaletteChooser.swift */ = {isa = PBXFileReference; lastKnownFileType = sourcecode.swift; path = PaletteChooser.swift; sourceTree = "<group>"; };
		B88D617728F9B35800A4E686 /* PaletteManager.swift */ = {isa = PBXFileReference; lastKnownFileType = sourcecode.swift; path = PaletteManager.swift; sourceTree = "<group>"; };
		B8AC928728FF1D2E007A0C60 /* Info.plist */ = {isa = PBXFileReference; lastKnownFileType = text.plist; path = Info.plist; sourceTree = "<group>"; };
		B8D6B5B728E4B169002017E5 /* LHEmojiArt.app */ = {isa = PBXFileReference; explicitFileType = wrapper.application; includeInIndex = 0; path = LHEmojiArt.app; sourceTree = BUILT_PRODUCTS_DIR; };
		B8D6B5BA28E4B169002017E5 /* LHEmojiArtApp.swift */ = {isa = PBXFileReference; lastKnownFileType = sourcecode.swift; path = LHEmojiArtApp.swift; sourceTree = "<group>"; };
		B8D6B5BC28E4B169002017E5 /* EmojiArtDocumentView.swift */ = {isa = PBXFileReference; lastKnownFileType = sourcecode.swift; path = EmojiArtDocumentView.swift; sourceTree = "<group>"; };
		B8D6B5BE28E4B16B002017E5 /* Assets.xcassets */ = {isa = PBXFileReference; lastKnownFileType = folder.assetcatalog; path = Assets.xcassets; sourceTree = "<group>"; };
		B8D6B5C128E4B16B002017E5 /* Preview Assets.xcassets */ = {isa = PBXFileReference; lastKnownFileType = folder.assetcatalog; path = "Preview Assets.xcassets"; sourceTree = "<group>"; };
		B8D6B5C828E4B25C002017E5 /* EmojiArtModel.swift */ = {isa = PBXFileReference; lastKnownFileType = sourcecode.swift; path = EmojiArtModel.swift; sourceTree = "<group>"; };
		B8D6B5CA28E4B7A8002017E5 /* EmojiArtModel.Background.swift */ = {isa = PBXFileReference; lastKnownFileType = sourcecode.swift; path = EmojiArtModel.Background.swift; sourceTree = "<group>"; };
		B8D6B5CC28E4B9CB002017E5 /* EmojiArtDocument.swift */ = {isa = PBXFileReference; lastKnownFileType = sourcecode.swift; path = EmojiArtDocument.swift; sourceTree = "<group>"; };
		B8D6B5CE28E4BD50002017E5 /* UtilityExtensions.swift */ = {isa = PBXFileReference; fileEncoding = 4; lastKnownFileType = sourcecode.swift; path = UtilityExtensions.swift; sourceTree = "<group>"; };
		B8D6B5CF28E4BD50002017E5 /* UtilityViews.swift */ = {isa = PBXFileReference; fileEncoding = 4; lastKnownFileType = sourcecode.swift; path = UtilityViews.swift; sourceTree = "<group>"; };
		B8D9BED728F88796004078BD /* PaletteEditor.swift */ = {isa = PBXFileReference; lastKnownFileType = sourcecode.swift; path = PaletteEditor.swift; sourceTree = "<group>"; };
/* End PBXFileReference section */

/* Begin PBXFrameworksBuildPhase section */
		B8D6B5B428E4B169002017E5 /* Frameworks */ = {
			isa = PBXFrameworksBuildPhase;
			buildActionMask = 2147483647;
			files = (
			);
			runOnlyForDeploymentPostprocessing = 0;
		};
/* End PBXFrameworksBuildPhase section */

/* Begin PBXGroup section */
		B8D6B5AE28E4B169002017E5 = {
			isa = PBXGroup;
			children = (
				B8D6B5B928E4B169002017E5 /* LHEmojiArt */,
				B8D6B5B828E4B169002017E5 /* Products */,
			);
			sourceTree = "<group>";
		};
		B8D6B5B828E4B169002017E5 /* Products */ = {
			isa = PBXGroup;
			children = (
				B8D6B5B728E4B169002017E5 /* LHEmojiArt.app */,
			);
			name = Products;
			sourceTree = "<group>";
		};
		B8D6B5B928E4B169002017E5 /* LHEmojiArt */ = {
			isa = PBXGroup;
			children = (
				B8AC928728FF1D2E007A0C60 /* Info.plist */,
				B8D6B5CE28E4BD50002017E5 /* UtilityExtensions.swift */,
				B824EDEE28F72E870095F462 /* PaletteStore.swift */,
				B8D6B5CF28E4BD50002017E5 /* UtilityViews.swift */,
				B8D6B5BA28E4B169002017E5 /* LHEmojiArtApp.swift */,
				B8D9BED728F88796004078BD /* PaletteEditor.swift */,
				B8D6B5BC28E4B169002017E5 /* EmojiArtDocumentView.swift */,
				B88D617728F9B35800A4E686 /* PaletteManager.swift */,
				B86662A128F86D7F001813DB /* PaletteChooser.swift */,
				B8D6B5C828E4B25C002017E5 /* EmojiArtModel.swift */,
				B8D6B5CC28E4B9CB002017E5 /* EmojiArtDocument.swift */,
				B8D6B5CA28E4B7A8002017E5 /* EmojiArtModel.Background.swift */,
				B8D6B5BE28E4B16B002017E5 /* Assets.xcassets */,
				B8D6B5C028E4B16B002017E5 /* Preview Content */,
			);
			path = LHEmojiArt;
			sourceTree = "<group>";
		};
		B8D6B5C028E4B16B002017E5 /* Preview Content */ = {
			isa = PBXGroup;
			children = (
				B8D6B5C128E4B16B002017E5 /* Preview Assets.xcassets */,
			);
			path = "Preview Content";
			sourceTree = "<group>";
		};
/* End PBXGroup section */

/* Begin PBXNativeTarget section */
		B8D6B5B628E4B169002017E5 /* LHEmojiArt */ = {
			isa = PBXNativeTarget;
			buildConfigurationList = B8D6B5C528E4B16B002017E5 /* Build configuration list for PBXNativeTarget "LHEmojiArt" */;
			buildPhases = (
				B8D6B5B328E4B169002017E5 /* Sources */,
				B8D6B5B428E4B169002017E5 /* Frameworks */,
				B8D6B5B528E4B169002017E5 /* Resources */,
			);
			buildRules = (
			);
			dependencies = (
			);
			name = LHEmojiArt;
			productName = LHEmojiArt;
			productReference = B8D6B5B728E4B169002017E5 /* LHEmojiArt.app */;
			productType = "com.apple.product-type.application";
		};
/* End PBXNativeTarget section */

/* Begin PBXProject section */
		B8D6B5AF28E4B169002017E5 /* Project object */ = {
			isa = PBXProject;
			attributes = {
				BuildIndependentTargetsInParallel = 1;
				LastSwiftUpdateCheck = 1300;
				LastUpgradeCheck = 1300;
				TargetAttributes = {
					B8D6B5B628E4B169002017E5 = {
						CreatedOnToolsVersion = 13.0;
					};
				};
			};
			buildConfigurationList = B8D6B5B228E4B169002017E5 /* Build configuration list for PBXProject "LHEmojiArt" */;
			compatibilityVersion = "Xcode 13.0";
			developmentRegion = en;
			hasScannedForEncodings = 0;
			knownRegions = (
				en,
				Base,
			);
			mainGroup = B8D6B5AE28E4B169002017E5;
			productRefGroup = B8D6B5B828E4B169002017E5 /* Products */;
			projectDirPath = "";
			projectRoot = "";
			targets = (
				B8D6B5B628E4B169002017E5 /* LHEmojiArt */,
			);
		};
/* End PBXProject section */

/* Begin PBXResourcesBuildPhase section */
		B8D6B5B528E4B169002017E5 /* Resources */ = {
			isa = PBXResourcesBuildPhase;
			buildActionMask = 2147483647;
			files = (
				B8D6B5C228E4B16B002017E5 /* Preview Assets.xcassets in Resources */,
				B8D6B5BF28E4B16B002017E5 /* Assets.xcassets in Resources */,
			);
			runOnlyForDeploymentPostprocessing = 0;
		};
/* End PBXResourcesBuildPhase section */

/* Begin PBXSourcesBuildPhase section */
		B8D6B5B328E4B169002017E5 /* Sources */ = {
			isa = PBXSourcesBuildPhase;
			buildActionMask = 2147483647;
			files = (
				B8D6B5D128E4BD50002017E5 /* UtilityViews.swift in Sources */,
				B88D617828F9B35800A4E686 /* PaletteManager.swift in Sources */,
				B824EDEF28F72E870095F462 /* PaletteStore.swift in Sources */,
				B8D9BED828F88796004078BD /* PaletteEditor.swift in Sources */,
				B8D6B5BD28E4B169002017E5 /* EmojiArtDocumentView.swift in Sources */,
				B8D6B5BB28E4B169002017E5 /* LHEmojiArtApp.swift in Sources */,
				B8D6B5D028E4BD50002017E5 /* UtilityExtensions.swift in Sources */,
				B8D6B5CD28E4B9CB002017E5 /* EmojiArtDocument.swift in Sources */,
				B8D6B5C928E4B25C002017E5 /* EmojiArtModel.swift in Sources */,
				B8D6B5CB28E4B7A8002017E5 /* EmojiArtModel.Background.swift in Sources */,
				B86662A228F86D7F001813DB /* PaletteChooser.swift in Sources */,
			);
			runOnlyForDeploymentPostprocessing = 0;
		};
/* End PBXSourcesBuildPhase section */

/* Begin XCBuildConfiguration section */
		B8D6B5C328E4B16B002017E5 /* Debug */ = {
			isa = XCBuildConfiguration;
			buildSettings = {
				ALWAYS_SEARCH_USER_PATHS = NO;
				CLANG_ANALYZER_NONNULL = YES;
				CLANG_ANALYZER_NUMBER_OBJECT_CONVERSION = YES_AGGRESSIVE;
				CLANG_CXX_LANGUAGE_STANDARD = "gnu++17";
				CLANG_CXX_LIBRARY = "libc++";
				CLANG_ENABLE_MODULES = YES;
				CLANG_ENABLE_OBJC_ARC = YES;
				CLANG_ENABLE_OBJC_WEAK = YES;
				CLANG_WARN_BLOCK_CAPTURE_AUTORELEASING = YES;
				CLANG_WARN_BOOL_CONVERSION = YES;
				CLANG_WARN_COMMA = YES;
				CLANG_WARN_CONSTANT_CONVERSION = YES;
				CLANG_WARN_DEPRECATED_OBJC_IMPLEMENTATIONS = YES;
				CLANG_WARN_DIRECT_OBJC_ISA_USAGE = YES_ERROR;
				CLANG_WARN_DOCUMENTATION_COMMENTS = YES;
				CLANG_WARN_EMPTY_BODY = YES;
				CLANG_WARN_ENUM_CONVERSION = YES;
				CLANG_WARN_INFINITE_RECURSION = YES;
				CLANG_WARN_INT_CONVERSION = YES;
				CLANG_WARN_NON_LITERAL_NULL_CONVERSION = YES;
				CLANG_WARN_OBJC_IMPLICIT_RETAIN_SELF = YES;
				CLANG_WARN_OBJC_LITERAL_CONVERSION = YES;
				CLANG_WARN_OBJC_ROOT_CLASS = YES_ERROR;
				CLANG_WARN_QUOTED_INCLUDE_IN_FRAMEWORK_HEADER = YES;
				CLANG_WARN_RANGE_LOOP_ANALYSIS = YES;
				CLANG_WARN_STRICT_PROTOTYPES = YES;
				CLANG_WARN_SUSPICIOUS_MOVE = YES;
				CLANG_WARN_UNGUARDED_AVAILABILITY = YES_AGGRESSIVE;
				CLANG_WARN_UNREACHABLE_CODE = YES;
				CLANG_WARN__DUPLICATE_METHOD_MATCH = YES;
				COPY_PHASE_STRIP = NO;
				DEBUG_INFORMATION_FORMAT = dwarf;
				ENABLE_STRICT_OBJC_MSGSEND = YES;
				ENABLE_TESTABILITY = YES;
				GCC_C_LANGUAGE_STANDARD = gnu11;
				GCC_DYNAMIC_NO_PIC = NO;
				GCC_NO_COMMON_BLOCKS = YES;
				GCC_OPTIMIZATION_LEVEL = 0;
				GCC_PREPROCESSOR_DEFINITIONS = (
					"DEBUG=1",
					"$(inherited)",
				);
				GCC_WARN_64_TO_32_BIT_CONVERSION = YES;
				GCC_WARN_ABOUT_RETURN_TYPE = YES_ERROR;
				GCC_WARN_UNDECLARED_SELECTOR = YES;
				GCC_WARN_UNINITIALIZED_AUTOS = YES_AGGRESSIVE;
				GCC_WARN_UNUSED_FUNCTION = YES;
				GCC_WARN_UNUSED_VARIABLE = YES;
				IPHONEOS_DEPLOYMENT_TARGET = 15.0;
				MTL_ENABLE_DEBUG_INFO = INCLUDE_SOURCE;
				MTL_FAST_MATH = YES;
				ONLY_ACTIVE_ARCH = YES;
				SDKROOT = iphoneos;
				SWIFT_ACTIVE_COMPILATION_CONDITIONS = DEBUG;
				SWIFT_OPTIMIZATION_LEVEL = "-Onone";
			};
			name = Debug;
		};
		B8D6B5C428E4B16B002017E5 /* Release */ = {
			isa = XCBuildConfiguration;
			buildSettings = {
				ALWAYS_SEARCH_USER_PATHS = NO;
				CLANG_ANALYZER_NONNULL = YES;
				CLANG_ANALYZER_NUMBER_OBJECT_CONVERSION = YES_AGGRESSIVE;
				CLANG_CXX_LANGUAGE_STANDARD = "gnu++17";
				CLANG_CXX_LIBRARY = "libc++";
				CLANG_ENABLE_MODULES = YES;
				CLANG_ENABLE_OBJC_ARC = YES;
				CLANG_ENABLE_OBJC_WEAK = YES;
				CLANG_WARN_BLOCK_CAPTURE_AUTORELEASING = YES;
				CLANG_WARN_BOOL_CONVERSION = YES;
				CLANG_WARN_COMMA = YES;
				CLANG_WARN_CONSTANT_CONVERSION = YES;
				CLANG_WARN_DEPRECATED_OBJC_IMPLEMENTATIONS = YES;
				CLANG_WARN_DIRECT_OBJC_ISA_USAGE = YES_ERROR;
				CLANG_WARN_DOCUMENTATION_COMMENTS = YES;
				CLANG_WARN_EMPTY_BODY = YES;
				CLANG_WARN_ENUM_CONVERSION = YES;
				CLANG_WARN_INFINITE_RECURSION = YES;
				CLANG_WARN_INT_CONVERSION = YES;
				CLANG_WARN_NON_LITERAL_NULL_CONVERSION = YES;
				CLANG_WARN_OBJC_IMPLICIT_RETAIN_SELF = YES;
				CLANG_WARN_OBJC_LITERAL_CONVERSION = YES;
				CLANG_WARN_OBJC_ROOT_CLASS = YES_ERROR;
				CLANG_WARN_QUOTED_INCLUDE_IN_FRAMEWORK_HEADER = YES;
				CLANG_WARN_RANGE_LOOP_ANALYSIS = YES;
				CLANG_WARN_STRICT_PROTOTYPES = YES;
				CLANG_WARN_SUSPICIOUS_MOVE = YES;
				CLANG_WARN_UNGUARDED_AVAILABILITY = YES_AGGRESSIVE;
				CLANG_WARN_UNREACHABLE_CODE = YES;
				CLANG_WARN__DUPLICATE_METHOD_MATCH = YES;
				COPY_PHASE_STRIP = NO;
				DEBUG_INFORMATION_FORMAT = "dwarf-with-dsym";
				ENABLE_NS_ASSERTIONS = NO;
				ENABLE_STRICT_OBJC_MSGSEND = YES;
				GCC_C_LANGUAGE_STANDARD = gnu11;
				GCC_NO_COMMON_BLOCKS = YES;
				GCC_WARN_64_TO_32_BIT_CONVERSION = YES;
				GCC_WARN_ABOUT_RETURN_TYPE = YES_ERROR;
				GCC_WARN_UNDECLARED_SELECTOR = YES;
				GCC_WARN_UNINITIALIZED_AUTOS = YES_AGGRESSIVE;
				GCC_WARN_UNUSED_FUNCTION = YES;
				GCC_WARN_UNUSED_VARIABLE = YES;
				IPHONEOS_DEPLOYMENT_TARGET = 15.0;
				MTL_ENABLE_DEBUG_INFO = NO;
				MTL_FAST_MATH = YES;
				SDKROOT = iphoneos;
				SWIFT_COMPILATION_MODE = wholemodule;
				SWIFT_OPTIMIZATION_LEVEL = "-O";
				VALIDATE_PRODUCT = YES;
			};
			name = Release;
		};
		B8D6B5C628E4B16B002017E5 /* Debug */ = {
			isa = XCBuildConfiguration;
			buildSettings = {
				ASSETCATALOG_COMPILER_APPICON_NAME = AppIcon;
				ASSETCATALOG_COMPILER_GLOBAL_ACCENT_COLOR_NAME = AccentColor;
				CODE_SIGN_STYLE = Automatic;
				CURRENT_PROJECT_VERSION = 1;
				DEVELOPMENT_ASSET_PATHS = "\"LHEmojiArt/Preview Content\"";
				ENABLE_PREVIEWS = YES;
				GENERATE_INFOPLIST_FILE = YES;
				INFOPLIST_FILE = LHEmojiArt/Info.plist;
				INFOPLIST_KEY_UIApplicationSceneManifest_Generation = YES;
				INFOPLIST_KEY_UIApplicationSupportsIndirectInputEvents = YES;
				INFOPLIST_KEY_UILaunchScreen_Generation = YES;
				INFOPLIST_KEY_UISupportedInterfaceOrientations_iPad = "UIInterfaceOrientationPortrait UIInterfaceOrientationPortraitUpsideDown UIInterfaceOrientationLandscapeLeft UIInterfaceOrientationLandscapeRight";
				INFOPLIST_KEY_UISupportedInterfaceOrientations_iPhone = "UIInterfaceOrientationPortrait UIInterfaceOrientationLandscapeLeft UIInterfaceOrientationLandscapeRight";
				IPHONEOS_DEPLOYMENT_TARGET = 14.0;
				LD_RUNPATH_SEARCH_PATHS = (
					"$(inherited)",
					"@executable_path/Frameworks",
				);
				MARKETING_VERSION = 1.0;
				PRODUCT_BUNDLE_IDENTIFIER = "lh-ltd.LHEmojiArt";
				PRODUCT_NAME = "$(TARGET_NAME)";
				SWIFT_EMIT_LOC_STRINGS = YES;
				SWIFT_VERSION = 5.0;
				TARGETED_DEVICE_FAMILY = "1,2";
			};
			name = Debug;
		};
		B8D6B5C728E4B16B002017E5 /* Release */ = {
			isa = XCBuildConfiguration;
			buildSettings = {
				ASSETCATALOG_COMPILER_APPICON_NAME = AppIcon;
				ASSETCATALOG_COMPILER_GLOBAL_ACCENT_COLOR_NAME = AccentColor;
				CODE_SIGN_STYLE = Automatic;
				CURRENT_PROJECT_VERSION = 1;
				DEVELOPMENT_ASSET_PATHS = "\"LHEmojiArt/Preview Content\"";
				ENABLE_PREVIEWS = YES;
				GENERATE_INFOPLIST_FILE = YES;
				INFOPLIST_FILE = LHEmojiArt/Info.plist;
				INFOPLIST_KEY_UIApplicationSceneManifest_Generation = YES;
				INFOPLIST_KEY_UIApplicationSupportsIndirectInputEvents = YES;
				INFOPLIST_KEY_UILaunchScreen_Generation = YES;
				INFOPLIST_KEY_UISupportedInterfaceOrientations_iPad = "UIInterfaceOrientationPortrait UIInterfaceOrientationPortraitUpsideDown UIInterfaceOrientationLandscapeLeft UIInterfaceOrientationLandscapeRight";
				INFOPLIST_KEY_UISupportedInterfaceOrientations_iPhone = "UIInterfaceOrientationPortrait UIInterfaceOrientationLandscapeLeft UIInterfaceOrientationLandscapeRight";
				IPHONEOS_DEPLOYMENT_TARGET = 14.0;
				LD_RUNPATH_SEARCH_PATHS = (
					"$(inherited)",
					"@executable_path/Frameworks",
				);
				MARKETING_VERSION = 1.0;
				PRODUCT_BUNDLE_IDENTIFIER = "lh-ltd.LHEmojiArt";
				PRODUCT_NAME = "$(TARGET_NAME)";
				SWIFT_EMIT_LOC_STRINGS = YES;
				SWIFT_VERSION = 5.0;
				TARGETED_DEVICE_FAMILY = "1,2";
			};
			name = Release;
		};
/* End XCBuildConfiguration section */

/* Begin XCConfigurationList section */
		B8D6B5B228E4B169002017E5 /* Build configuration list for PBXProject "LHEmojiArt" */ = {
			isa = XCConfigurationList;
			buildConfigurations = (
				B8D6B5C328E4B16B002017E5 /* Debug */,
				B8D6B5C428E4B16B002017E5 /* Release */,
			);
			defaultConfigurationIsVisible = 0;
			defaultConfigurationName = Release;
		};
		B8D6B5C528E4B16B002017E5 /* Build configuration list for PBXNativeTarget "LHEmojiArt" */ = {
			isa = XCConfigurationList;
			buildConfigurations = (
				B8D6B5C628E4B16B002017E5 /* Debug */,
				B8D6B5C728E4B16B002017E5 /* Release */,
			);
			defaultConfigurationIsVisible = 0;
			defaultConfigurationName = Release;
		};
/* End XCConfigurationList section */
	};
	rootObject = B8D6B5AF28E4B169002017E5 /* Project object */;
}
